
Microsoft Visual Studio Solution File, Format Version 12.00
# Visual Studio 14
VisualStudioVersion = 14.0.25420.1
MinimumVisualStudioVersion = 10.0.40219.1
Project("{2150E333-8FDC-42A3-9474-1A3956D46DE8}") = "doc", "doc", "{E9E7371E-AB81-4ECF-9684-2ACB1EF7FF67}"
	ProjectSection(SolutionItems) = preProject
		LICENSE = LICENSE
		README.md = README.md
	EndProjectSection
EndProject
Project("{2150E333-8FDC-42A3-9474-1A3956D46DE8}") = "src", "src", "{7B11358C-CCDB-4A64-8CAF-9AA29AFD7DE3}"
EndProject
Project("{2150E333-8FDC-42A3-9474-1A3956D46DE8}") = "tests", "tests", "{556F2BFB-DE9B-4673-BADC-63C365DA2A55}"
EndProject
Project("{8BB2217D-0F2D-49D1-97BC-3654ED321F3B}") = "Certes", "src\Certes\Certes.xproj", "{5F6267A0-A6C5-4D1E-B7FF-F8F8D09D8588}"
EndProject
Project("{8BB2217D-0F2D-49D1-97BC-3654ED321F3B}") = "Certes.Cli", "src\Certes.Cli\Certes.Cli.xproj", "{23FD2074-1B0F-495A-831E-7A0D645CDF88}"
EndProject
Project("{8BB2217D-0F2D-49D1-97BC-3654ED321F3B}") = "Certes.Tests", "tests\Certes.Tests\Certes.Tests.xproj", "{9FDD9052-506D-460D-BF4A-142DAB517524}"
EndProject
Global
	GlobalSection(SolutionConfigurationPlatforms) = preSolution
		Debug|Any CPU = Debug|Any CPU
		Release|Any CPU = Release|Any CPU
	EndGlobalSection
	GlobalSection(ProjectConfigurationPlatforms) = postSolution
		{5F6267A0-A6C5-4D1E-B7FF-F8F8D09D8588}.Debug|Any CPU.ActiveCfg = Debug|Any CPU
		{5F6267A0-A6C5-4D1E-B7FF-F8F8D09D8588}.Debug|Any CPU.Build.0 = Debug|Any CPU
		{5F6267A0-A6C5-4D1E-B7FF-F8F8D09D8588}.Release|Any CPU.ActiveCfg = Release|Any CPU
		{5F6267A0-A6C5-4D1E-B7FF-F8F8D09D8588}.Release|Any CPU.Build.0 = Release|Any CPU
		{23FD2074-1B0F-495A-831E-7A0D645CDF88}.Debug|Any CPU.ActiveCfg = Debug|Any CPU
		{23FD2074-1B0F-495A-831E-7A0D645CDF88}.Debug|Any CPU.Build.0 = Debug|Any CPU
		{23FD2074-1B0F-495A-831E-7A0D645CDF88}.Release|Any CPU.ActiveCfg = Release|Any CPU
		{23FD2074-1B0F-495A-831E-7A0D645CDF88}.Release|Any CPU.Build.0 = Release|Any CPU
		{9FDD9052-506D-460D-BF4A-142DAB517524}.Debug|Any CPU.ActiveCfg = Debug|Any CPU
		{9FDD9052-506D-460D-BF4A-142DAB517524}.Debug|Any CPU.Build.0 = Debug|Any CPU
		{9FDD9052-506D-460D-BF4A-142DAB517524}.Release|Any CPU.ActiveCfg = Release|Any CPU
		{9FDD9052-506D-460D-BF4A-142DAB517524}.Release|Any CPU.Build.0 = Release|Any CPU
	EndGlobalSection
	GlobalSection(SolutionProperties) = preSolution
		HideSolutionNode = FALSE
	EndGlobalSection
	GlobalSection(NestedProjects) = preSolution
		{5F6267A0-A6C5-4D1E-B7FF-F8F8D09D8588} = {7B11358C-CCDB-4A64-8CAF-9AA29AFD7DE3}
		{23FD2074-1B0F-495A-831E-7A0D645CDF88} = {7B11358C-CCDB-4A64-8CAF-9AA29AFD7DE3}
		{9FDD9052-506D-460D-BF4A-142DAB517524} = {556F2BFB-DE9B-4673-BADC-63C365DA2A55}
	EndGlobalSection
EndGlobal
