
Microsoft Visual Studio Solution File, Format Version 12.00
# Visual Studio 15
VisualStudioVersion = 15.0.26228.4
MinimumVisualStudioVersion = 10.0.40219.1
Project("{2150E333-8FDC-42A3-9474-1A3956D46DE8}") = "doc", "doc", "{E9E7371E-AB81-4ECF-9684-2ACB1EF7FF67}"
	ProjectSection(SolutionItems) = preProject
		LICENSE = LICENSE
		README.md = README.md
	EndProjectSection
EndProject
Project("{2150E333-8FDC-42A3-9474-1A3956D46DE8}") = "src", "src", "{7B11358C-CCDB-4A64-8CAF-9AA29AFD7DE3}"
EndProject
Project("{2150E333-8FDC-42A3-9474-1A3956D46DE8}") = "test", "test", "{556F2BFB-DE9B-4673-BADC-63C365DA2A55}"
EndProject
Project("{2150E333-8FDC-42A3-9474-1A3956D46DE8}") = "build", "build", "{E420B696-0E51-40E1-B534-96E66C2C27F5}"
	ProjectSection(SolutionItems) = preProject
		.travis.yml = .travis.yml
		appveyor.yml = appveyor.yml
	EndProjectSection
EndProject
Project("{9A19103F-16F7-4668-BE54-9A1E7A4F7556}") = "Certes", "src\Certes\Certes.csproj", "{E2C42E77-1925-4E97-A37B-4125F124BDDF}"
EndProject
Project("{9A19103F-16F7-4668-BE54-9A1E7A4F7556}") = "Certes.Cli", "src\Certes.Cli\Certes.Cli.csproj", "{74BEDE45-FBB9-4447-91E9-54A4C9C7EC7F}"
EndProject
Project("{9A19103F-16F7-4668-BE54-9A1E7A4F7556}") = "Certes.Tests", "test\Certes.Tests\Certes.Tests.csproj", "{2E13AD77-F625-4B0A-A355-75421D4ABC6D}"
EndProject
Global
	GlobalSection(SolutionConfigurationPlatforms) = preSolution
		Debug|Any CPU = Debug|Any CPU
		Release|Any CPU = Release|Any CPU
	EndGlobalSection
	GlobalSection(ProjectConfigurationPlatforms) = postSolution
		{E2C42E77-1925-4E97-A37B-4125F124BDDF}.Debug|Any CPU.ActiveCfg = Debug|Any CPU
		{E2C42E77-1925-4E97-A37B-4125F124BDDF}.Debug|Any CPU.Build.0 = Debug|Any CPU
		{E2C42E77-1925-4E97-A37B-4125F124BDDF}.Release|Any CPU.ActiveCfg = Release|Any CPU
		{E2C42E77-1925-4E97-A37B-4125F124BDDF}.Release|Any CPU.Build.0 = Release|Any CPU
		{74BEDE45-FBB9-4447-91E9-54A4C9C7EC7F}.Debug|Any CPU.ActiveCfg = Debug|Any CPU
		{74BEDE45-FBB9-4447-91E9-54A4C9C7EC7F}.Debug|Any CPU.Build.0 = Debug|Any CPU
		{74BEDE45-FBB9-4447-91E9-54A4C9C7EC7F}.Release|Any CPU.ActiveCfg = Release|Any CPU
		{74BEDE45-FBB9-4447-91E9-54A4C9C7EC7F}.Release|Any CPU.Build.0 = Release|Any CPU
		{2E13AD77-F625-4B0A-A355-75421D4ABC6D}.Debug|Any CPU.ActiveCfg = Debug|Any CPU
		{2E13AD77-F625-4B0A-A355-75421D4ABC6D}.Debug|Any CPU.Build.0 = Debug|Any CPU
		{2E13AD77-F625-4B0A-A355-75421D4ABC6D}.Release|Any CPU.ActiveCfg = Release|Any CPU
		{2E13AD77-F625-4B0A-A355-75421D4ABC6D}.Release|Any CPU.Build.0 = Release|Any CPU
	EndGlobalSection
	GlobalSection(SolutionProperties) = preSolution
		HideSolutionNode = FALSE
	EndGlobalSection
	GlobalSection(NestedProjects) = preSolution
		{E2C42E77-1925-4E97-A37B-4125F124BDDF} = {7B11358C-CCDB-4A64-8CAF-9AA29AFD7DE3}
		{74BEDE45-FBB9-4447-91E9-54A4C9C7EC7F} = {7B11358C-CCDB-4A64-8CAF-9AA29AFD7DE3}
		{2E13AD77-F625-4B0A-A355-75421D4ABC6D} = {556F2BFB-DE9B-4673-BADC-63C365DA2A55}
	EndGlobalSection
EndGlobal
